
Microsoft Visual Studio Solution File, Format Version 12.00
# Visual Studio Version 16
VisualStudioVersion = 25.0.1705.0
MinimumVisualStudioVersion = 10.0.40219.1
Project("{FAE04EC0-301F-11D3-BF4B-00C04F79EFBC}") = "PurchasesManager", "StudentApp\PurchasesManager.csproj", "{2D08FB3D-68C4-4142-BDAC-D61EA3347AFD}"
EndProject
Global
	GlobalSection(SolutionConfigurationPlatforms) = preSolution
		Debug|Any CPU = Debug|Any CPU
		Release|Any CPU = Release|Any CPU
	EndGlobalSection
	GlobalSection(ProjectConfigurationPlatforms) = postSolution
		{2D08FB3D-68C4-4142-BDAC-D61EA3347AFD}.Debug|Any CPU.ActiveCfg = Debug|Any CPU
		{2D08FB3D-68C4-4142-BDAC-D61EA3347AFD}.Debug|Any CPU.Build.0 = Debug|Any CPU
		{2D08FB3D-68C4-4142-BDAC-D61EA3347AFD}.Release|Any CPU.ActiveCfg = Release|Any CPU
		{2D08FB3D-68C4-4142-BDAC-D61EA3347AFD}.Release|Any CPU.Build.0 = Release|Any CPU
	EndGlobalSection
	GlobalSection(SolutionProperties) = preSolution
		HideSolutionNode = FALSE
	EndGlobalSection
	GlobalSection(ExtensibilityGlobals) = postSolution
		SolutionGuid = {D861A5B0-1E70-4BEF-97CC-16727FDD758C}
	EndGlobalSection
EndGlobal
